
Microsoft Visual Studio Solution File, Format Version 12.00
# Visual Studio 15
VisualStudioVersion = 15.0.28307.1259
MinimumVisualStudioVersion = 10.0.40219.1
Project("{8BC9CEB8-8B4A-11D0-8D11-00A0C91BC942}") = "Core", "Core\Core.vcxproj", "{E9A048E8-3B78-4121-A01F-BEC07A04F933}"
EndProject
Project("{8BC9CEB8-8B4A-11D0-8D11-00A0C91BC942}") = "Sandbox", "Sandbox\Sandbox.vcxproj", "{3F29E47F-9864-4B67-BB76-5700EF45C278}"
	ProjectSection(ProjectDependencies) = postProject
		{0B384F2E-6307-4C97-A6CE-EB4B5C23D323} = {0B384F2E-6307-4C97-A6CE-EB4B5C23D323}
		{5946E971-144D-4FDA-8859-6FD081ADB547} = {5946E971-144D-4FDA-8859-6FD081ADB547}
		{3D9C2A76-1787-4B1F-BCF4-8AE6324DE08E} = {3D9C2A76-1787-4B1F-BCF4-8AE6324DE08E}
		{B33D2979-55BD-430F-B0C7-9B65F8924957} = {B33D2979-55BD-430F-B0C7-9B65F8924957}
		{08BE8E7D-6B40-41ED-BAE0-A0F4E5FA88C6} = {08BE8E7D-6B40-41ED-BAE0-A0F4E5FA88C6}
		{C9AA8A97-93FB-49A4-ADA4-8877735EC019} = {C9AA8A97-93FB-49A4-ADA4-8877735EC019}
		{BF4B11A3-80BF-4A79-8BB6-53CF8DCB4024} = {BF4B11A3-80BF-4A79-8BB6-53CF8DCB4024}
		{6F93A1AB-920A-4006-8776-D2C56C6D6543} = {6F93A1AB-920A-4006-8776-D2C56C6D6543}
		{54201CDD-A2CF-46F9-8C43-A95711605BE1} = {54201CDD-A2CF-46F9-8C43-A95711605BE1}
		{E9A048E8-3B78-4121-A01F-BEC07A04F933} = {E9A048E8-3B78-4121-A01F-BEC07A04F933}
	EndProjectSection
EndProject
Project("{8BC9CEB8-8B4A-11D0-8D11-00A0C91BC942}") = "Math", "Math\Math.vcxproj", "{C9AA8A97-93FB-49A4-ADA4-8877735EC019}"
EndProject
Project("{8BC9CEB8-8B4A-11D0-8D11-00A0C91BC942}") = "Input", "Input\Input.vcxproj", "{0B384F2E-6307-4C97-A6CE-EB4B5C23D323}"
EndProject
Project("{8BC9CEB8-8B4A-11D0-8D11-00A0C91BC942}") = "Debugger", "Debugger\Debugger.vcxproj", "{08BE8E7D-6B40-41ED-BAE0-A0F4E5FA88C6}"
EndProject
Project("{8BC9CEB8-8B4A-11D0-8D11-00A0C91BC942}") = "Gameplay", "Gameplay\Gameplay.vcxproj", "{B33D2979-55BD-430F-B0C7-9B65F8924957}"
EndProject
Project("{8BC9CEB8-8B4A-11D0-8D11-00A0C91BC942}") = "Audio", "Audio\Audio.vcxproj", "{3D9C2A76-1787-4B1F-BCF4-8AE6324DE08E}"
EndProject
Project("{8BC9CEB8-8B4A-11D0-8D11-00A0C91BC942}") = "FileIO", "FileIO\FileIO.vcxproj", "{BF4B11A3-80BF-4A79-8BB6-53CF8DCB4024}"
EndProject
Project("{8BC9CEB8-8B4A-11D0-8D11-00A0C91BC942}") = "Memory", "Memory\Memory.vcxproj", "{5946E971-144D-4FDA-8859-6FD081ADB547}"
EndProject
Project("{8BC9CEB8-8B4A-11D0-8D11-00A0C91BC942}") = "Graphics", "Graphics\Graphics.vcxproj", "{6F93A1AB-920A-4006-8776-D2C56C6D6543}"
EndProject
Project("{8BC9CEB8-8B4A-11D0-8D11-00A0C91BC942}") = "Network", "Network\Network.vcxproj", "{54201CDD-A2CF-46F9-8C43-A95711605BE1}"
EndProject
Global
	GlobalSection(SolutionConfigurationPlatforms) = preSolution
		Debug|x64 = Debug|x64
		Debug|x86 = Debug|x86
		Release|x64 = Release|x64
		Release|x86 = Release|x86
	EndGlobalSection
	GlobalSection(ProjectConfigurationPlatforms) = postSolution
		{E9A048E8-3B78-4121-A01F-BEC07A04F933}.Debug|x64.ActiveCfg = Debug|x64
		{E9A048E8-3B78-4121-A01F-BEC07A04F933}.Debug|x64.Build.0 = Debug|x64
		{E9A048E8-3B78-4121-A01F-BEC07A04F933}.Debug|x86.ActiveCfg = Debug|Win32
		{E9A048E8-3B78-4121-A01F-BEC07A04F933}.Debug|x86.Build.0 = Debug|Win32
		{E9A048E8-3B78-4121-A01F-BEC07A04F933}.Release|x64.ActiveCfg = Release|x64
		{E9A048E8-3B78-4121-A01F-BEC07A04F933}.Release|x64.Build.0 = Release|x64
		{E9A048E8-3B78-4121-A01F-BEC07A04F933}.Release|x86.ActiveCfg = Release|Win32
		{E9A048E8-3B78-4121-A01F-BEC07A04F933}.Release|x86.Build.0 = Release|Win32
		{3F29E47F-9864-4B67-BB76-5700EF45C278}.Debug|x64.ActiveCfg = Debug|x64
		{3F29E47F-9864-4B67-BB76-5700EF45C278}.Debug|x64.Build.0 = Debug|x64
		{3F29E47F-9864-4B67-BB76-5700EF45C278}.Debug|x86.ActiveCfg = Debug|Win32
		{3F29E47F-9864-4B67-BB76-5700EF45C278}.Debug|x86.Build.0 = Debug|Win32
		{3F29E47F-9864-4B67-BB76-5700EF45C278}.Release|x64.ActiveCfg = Release|x64
		{3F29E47F-9864-4B67-BB76-5700EF45C278}.Release|x64.Build.0 = Release|x64
		{3F29E47F-9864-4B67-BB76-5700EF45C278}.Release|x86.ActiveCfg = Release|Win32
		{3F29E47F-9864-4B67-BB76-5700EF45C278}.Release|x86.Build.0 = Release|Win32
		{C9AA8A97-93FB-49A4-ADA4-8877735EC019}.Debug|x64.ActiveCfg = Debug|x64
		{C9AA8A97-93FB-49A4-ADA4-8877735EC019}.Debug|x64.Build.0 = Debug|x64
		{C9AA8A97-93FB-49A4-ADA4-8877735EC019}.Debug|x86.ActiveCfg = Debug|Win32
		{C9AA8A97-93FB-49A4-ADA4-8877735EC019}.Debug|x86.Build.0 = Debug|Win32
		{C9AA8A97-93FB-49A4-ADA4-8877735EC019}.Release|x64.ActiveCfg = Release|x64
		{C9AA8A97-93FB-49A4-ADA4-8877735EC019}.Release|x64.Build.0 = Release|x64
		{C9AA8A97-93FB-49A4-ADA4-8877735EC019}.Release|x86.ActiveCfg = Release|Win32
		{C9AA8A97-93FB-49A4-ADA4-8877735EC019}.Release|x86.Build.0 = Release|Win32
		{0B384F2E-6307-4C97-A6CE-EB4B5C23D323}.Debug|x64.ActiveCfg = Debug|x64
		{0B384F2E-6307-4C97-A6CE-EB4B5C23D323}.Debug|x64.Build.0 = Debug|x64
		{0B384F2E-6307-4C97-A6CE-EB4B5C23D323}.Debug|x86.ActiveCfg = Debug|Win32
		{0B384F2E-6307-4C97-A6CE-EB4B5C23D323}.Debug|x86.Build.0 = Debug|Win32
		{0B384F2E-6307-4C97-A6CE-EB4B5C23D323}.Release|x64.ActiveCfg = Release|x64
		{0B384F2E-6307-4C97-A6CE-EB4B5C23D323}.Release|x64.Build.0 = Release|x64
		{0B384F2E-6307-4C97-A6CE-EB4B5C23D323}.Release|x86.ActiveCfg = Release|Win32
		{0B384F2E-6307-4C97-A6CE-EB4B5C23D323}.Release|x86.Build.0 = Release|Win32
		{08BE8E7D-6B40-41ED-BAE0-A0F4E5FA88C6}.Debug|x64.ActiveCfg = Debug|x64
		{08BE8E7D-6B40-41ED-BAE0-A0F4E5FA88C6}.Debug|x64.Build.0 = Debug|x64
		{08BE8E7D-6B40-41ED-BAE0-A0F4E5FA88C6}.Debug|x86.ActiveCfg = Debug|Win32
		{08BE8E7D-6B40-41ED-BAE0-A0F4E5FA88C6}.Debug|x86.Build.0 = Debug|Win32
		{08BE8E7D-6B40-41ED-BAE0-A0F4E5FA88C6}.Release|x64.ActiveCfg = Debug|x64
		{08BE8E7D-6B40-41ED-BAE0-A0F4E5FA88C6}.Release|x64.Build.0 = Debug|x64
		{08BE8E7D-6B40-41ED-BAE0-A0F4E5FA88C6}.Release|x86.ActiveCfg = Debug|Win32
		{08BE8E7D-6B40-41ED-BAE0-A0F4E5FA88C6}.Release|x86.Build.0 = Debug|Win32
		{B33D2979-55BD-430F-B0C7-9B65F8924957}.Debug|x64.ActiveCfg = Debug|x64
		{B33D2979-55BD-430F-B0C7-9B65F8924957}.Debug|x64.Build.0 = Debug|x64
		{B33D2979-55BD-430F-B0C7-9B65F8924957}.Debug|x86.ActiveCfg = Debug|Win32
		{B33D2979-55BD-430F-B0C7-9B65F8924957}.Debug|x86.Build.0 = Debug|Win32
		{B33D2979-55BD-430F-B0C7-9B65F8924957}.Release|x64.ActiveCfg = Release|x64
		{B33D2979-55BD-430F-B0C7-9B65F8924957}.Release|x64.Build.0 = Release|x64
		{B33D2979-55BD-430F-B0C7-9B65F8924957}.Release|x86.ActiveCfg = Release|Win32
		{B33D2979-55BD-430F-B0C7-9B65F8924957}.Release|x86.Build.0 = Release|Win32
		{3D9C2A76-1787-4B1F-BCF4-8AE6324DE08E}.Debug|x64.ActiveCfg = Debug|x64
		{3D9C2A76-1787-4B1F-BCF4-8AE6324DE08E}.Debug|x64.Build.0 = Debug|x64
		{3D9C2A76-1787-4B1F-BCF4-8AE6324DE08E}.Debug|x86.ActiveCfg = Debug|Win32
		{3D9C2A76-1787-4B1F-BCF4-8AE6324DE08E}.Debug|x86.Build.0 = Debug|Win32
		{3D9C2A76-1787-4B1F-BCF4-8AE6324DE08E}.Release|x64.ActiveCfg = Release|x64
		{3D9C2A76-1787-4B1F-BCF4-8AE6324DE08E}.Release|x64.Build.0 = Release|x64
		{3D9C2A76-1787-4B1F-BCF4-8AE6324DE08E}.Release|x86.ActiveCfg = Release|Win32
		{3D9C2A76-1787-4B1F-BCF4-8AE6324DE08E}.Release|x86.Build.0 = Release|Win32
		{BF4B11A3-80BF-4A79-8BB6-53CF8DCB4024}.Debug|x64.ActiveCfg = Debug|x64
		{BF4B11A3-80BF-4A79-8BB6-53CF8DCB4024}.Debug|x64.Build.0 = Debug|x64
		{BF4B11A3-80BF-4A79-8BB6-53CF8DCB4024}.Debug|x86.ActiveCfg = Debug|Win32
		{BF4B11A3-80BF-4A79-8BB6-53CF8DCB4024}.Debug|x86.Build.0 = Debug|Win32
		{BF4B11A3-80BF-4A79-8BB6-53CF8DCB4024}.Release|x64.ActiveCfg = Release|x64
		{BF4B11A3-80BF-4A79-8BB6-53CF8DCB4024}.Release|x64.Build.0 = Release|x64
		{BF4B11A3-80BF-4A79-8BB6-53CF8DCB4024}.Release|x86.ActiveCfg = Release|Win32
		{BF4B11A3-80BF-4A79-8BB6-53CF8DCB4024}.Release|x86.Build.0 = Release|Win32
		{5946E971-144D-4FDA-8859-6FD081ADB547}.Debug|x64.ActiveCfg = Debug|x64
		{5946E971-144D-4FDA-8859-6FD081ADB547}.Debug|x64.Build.0 = Debug|x64
		{5946E971-144D-4FDA-8859-6FD081ADB547}.Debug|x86.ActiveCfg = Debug|Win32
		{5946E971-144D-4FDA-8859-6FD081ADB547}.Debug|x86.Build.0 = Debug|Win32
		{5946E971-144D-4FDA-8859-6FD081ADB547}.Release|x64.ActiveCfg = Release|x64
		{5946E971-144D-4FDA-8859-6FD081ADB547}.Release|x64.Build.0 = Release|x64
		{5946E971-144D-4FDA-8859-6FD081ADB547}.Release|x86.ActiveCfg = Release|Win32
		{5946E971-144D-4FDA-8859-6FD081ADB547}.Release|x86.Build.0 = Release|Win32
		{6F93A1AB-920A-4006-8776-D2C56C6D6543}.Debug|x64.ActiveCfg = Debug|x64
		{6F93A1AB-920A-4006-8776-D2C56C6D6543}.Debug|x64.Build.0 = Debug|x64
		{6F93A1AB-920A-4006-8776-D2C56C6D6543}.Debug|x86.ActiveCfg = Debug|Win32
		{6F93A1AB-920A-4006-8776-D2C56C6D6543}.Debug|x86.Build.0 = Debug|Win32
		{6F93A1AB-920A-4006-8776-D2C56C6D6543}.Release|x64.ActiveCfg = Release|x64
		{6F93A1AB-920A-4006-8776-D2C56C6D6543}.Release|x64.Build.0 = Release|x64
		{6F93A1AB-920A-4006-8776-D2C56C6D6543}.Release|x86.ActiveCfg = Release|Win32
		{6F93A1AB-920A-4006-8776-D2C56C6D6543}.Release|x86.Build.0 = Release|Win32
		{54201CDD-A2CF-46F9-8C43-A95711605BE1}.Debug|x64.ActiveCfg = Debug|x64
		{54201CDD-A2CF-46F9-8C43-A95711605BE1}.Debug|x64.Build.0 = Debug|x64
		{54201CDD-A2CF-46F9-8C43-A95711605BE1}.Debug|x86.ActiveCfg = Debug|Win32
		{54201CDD-A2CF-46F9-8C43-A95711605BE1}.Debug|x86.Build.0 = Debug|Win32
		{54201CDD-A2CF-46F9-8C43-A95711605BE1}.Release|x64.ActiveCfg = Release|x64
		{54201CDD-A2CF-46F9-8C43-A95711605BE1}.Release|x64.Build.0 = Release|x64
		{54201CDD-A2CF-46F9-8C43-A95711605BE1}.Release|x86.ActiveCfg = Release|Win32
		{54201CDD-A2CF-46F9-8C43-A95711605BE1}.Release|x86.Build.0 = Release|Win32
	EndGlobalSection
	GlobalSection(SolutionProperties) = preSolution
		HideSolutionNode = FALSE
	EndGlobalSection
	GlobalSection(ExtensibilityGlobals) = postSolution
		SolutionGuid = {0FBF8B1A-0CB8-45E0-8D64-AFE48C14D460}
	EndGlobalSection
EndGlobal
